
Microsoft Visual Studio Solution File, Format Version 12.00
# Visual Studio Version 17
VisualStudioVersion = 17.8.34408.163
MinimumVisualStudioVersion = 10.0.40219.1
Project("{FAE04EC0-301F-11D3-BF4B-00C04F79EFBC}") = "Clinic-Management-System-Desktop-application", "Clinic-Management-System-Desktop-application\Clinic-Management-System-Desktop-application.csproj", "{E51F7E04-E351-4D40-9BAE-51258F9B4C16}"
EndProject
Global
	GlobalSection(SolutionConfigurationPlatforms) = preSolution
		Debug|Any CPU = Debug|Any CPU
		Release|Any CPU = Release|Any CPU
	EndGlobalSection
	GlobalSection(ProjectConfigurationPlatforms) = postSolution
		{E51F7E04-E351-4D40-9BAE-51258F9B4C16}.Debug|Any CPU.ActiveCfg = Debug|Any CPU
		{E51F7E04-E351-4D40-9BAE-51258F9B4C16}.Debug|Any CPU.Build.0 = Debug|Any CPU
		{E51F7E04-E351-4D40-9BAE-51258F9B4C16}.Release|Any CPU.ActiveCfg = Release|Any CPU
		{E51F7E04-E351-4D40-9BAE-51258F9B4C16}.Release|Any CPU.Build.0 = Release|Any CPU
	EndGlobalSection
	GlobalSection(SolutionProperties) = preSolution
		HideSolutionNode = FALSE
	EndGlobalSection
	GlobalSection(ExtensibilityGlobals) = postSolution
		SolutionGuid = {93A1EF27-F20F-427A-891C-C1F5EE583303}
	EndGlobalSection
EndGlobal
